// !$*UTF8*$!
{
	archiveVersion = 1;
	classes = {
	};
	objectVersion = 46;
	objects = {

/* Begin PBXBuildFile section */
		76109D0C1711B832005176A7 /* UIKit.framework in Frameworks */ = {isa = PBXBuildFile; fileRef = 76109D0B1711B832005176A7 /* UIKit.framework */; };
		76109D0E1711B832005176A7 /* Foundation.framework in Frameworks */ = {isa = PBXBuildFile; fileRef = 76109D0D1711B832005176A7 /* Foundation.framework */; };
		76109D101711B832005176A7 /* CoreGraphics.framework in Frameworks */ = {isa = PBXBuildFile; fileRef = 76109D0F1711B832005176A7 /* CoreGraphics.framework */; };
		76109D161711B832005176A7 /* InfoPlist.strings in Resources */ = {isa = PBXBuildFile; fileRef = 76109D141711B832005176A7 /* InfoPlist.strings */; };
		76109D181711B832005176A7 /* main.m in Sources */ = {isa = PBXBuildFile; fileRef = 76109D171711B832005176A7 /* main.m */; };
		76109D1C1711B832005176A7 /* DKAppDelegate.m in Sources */ = {isa = PBXBuildFile; fileRef = 76109D1B1711B832005176A7 /* DKAppDelegate.m */; };
		76109D1E1711B832005176A7 /* Default.png in Resources */ = {isa = PBXBuildFile; fileRef = 76109D1D1711B832005176A7 /* Default.png */; };
		76109D201711B832005176A7 /* Default@2x.png in Resources */ = {isa = PBXBuildFile; fileRef = 76109D1F1711B832005176A7 /* Default@2x.png */; };
		76109D221711B832005176A7 /* Default-568h@2x.png in Resources */ = {isa = PBXBuildFile; fileRef = 76109D211711B832005176A7 /* Default-568h@2x.png */; };
		76109D251711B832005176A7 /* MainStoryboard_iPhone.storyboard in Resources */ = {isa = PBXBuildFile; fileRef = 76109D231711B832005176A7 /* MainStoryboard_iPhone.storyboard */; };
		76109D281711B833005176A7 /* MainStoryboard_iPad.storyboard in Resources */ = {isa = PBXBuildFile; fileRef = 76109D261711B833005176A7 /* MainStoryboard_iPad.storyboard */; };
		76109D2B1711B833005176A7 /* DKViewController.m in Sources */ = {isa = PBXBuildFile; fileRef = 76109D2A1711B833005176A7 /* DKViewController.m */; };
		76109D461711B854005176A7 /* DKAPIEngine.m in Sources */ = {isa = PBXBuildFile; fileRef = 76109D341711B854005176A7 /* DKAPIEngine.m */; };
		76109D4D1711B854005176A7 /* DribbbleKitModel.xcdatamodeld in Sources */ = {isa = PBXBuildFile; fileRef = 76109D441711B854005176A7 /* DribbbleKitModel.xcdatamodeld */; };
		76109D6F1711BF88005176A7 /* CFNetwork.framework in Frameworks */ = {isa = PBXBuildFile; fileRef = 76109D6E1711BF87005176A7 /* CFNetwork.framework */; };
		76109D711711BF8F005176A7 /* CoreData.framework in Frameworks */ = {isa = PBXBuildFile; fileRef = 76109D701711BF8F005176A7 /* CoreData.framework */; };
		76109D731711BF96005176A7 /* libxml2.dylib in Frameworks */ = {isa = PBXBuildFile; fileRef = 76109D721711BF96005176A7 /* libxml2.dylib */; };
		76109D751711BF9E005176A7 /* MobileCoreServices.framework in Frameworks */ = {isa = PBXBuildFile; fileRef = 76109D741711BF9E005176A7 /* MobileCoreServices.framework */; };
		76109D771711BFA5005176A7 /* QuartzCore.framework in Frameworks */ = {isa = PBXBuildFile; fileRef = 76109D761711BFA5005176A7 /* QuartzCore.framework */; };
		76109D791711BFAB005176A7 /* Security.framework in Frameworks */ = {isa = PBXBuildFile; fileRef = 76109D781711BFAB005176A7 /* Security.framework */; };
		76109D7B1711BFB4005176A7 /* SystemConfiguration.framework in Frameworks */ = {isa = PBXBuildFile; fileRef = 76109D7A1711BFB4005176A7 /* SystemConfiguration.framework */; };
		76109D7E1711C31C005176A7 /* libRestKit.a in Frameworks */ = {isa = PBXBuildFile; fileRef = 76109D671711BE51005176A7 /* libRestKit.a */; };
		76109D871711EE2C005176A7 /* DKPlayer+ObjectMapping.m in Sources */ = {isa = PBXBuildFile; fileRef = 76109D861711EE2C005176A7 /* DKPlayer+ObjectMapping.m */; };
		76109D8C1711EF33005176A7 /* DKComment+ObjectMapping.m in Sources */ = {isa = PBXBuildFile; fileRef = 76109D8B1711EF33005176A7 /* DKComment+ObjectMapping.m */; };
		76109D981711F247005176A7 /* DKShot+ObjectMapping.m in Sources */ = {isa = PBXBuildFile; fileRef = 76109D971711F245005176A7 /* DKShot+ObjectMapping.m */; };
		76A150D3171873E400751C92 /* DKComment.m in Sources */ = {isa = PBXBuildFile; fileRef = 76A150D2171873E400751C92 /* DKComment.m */; };
		76A150D6171873E500751C92 /* DKPlayer.m in Sources */ = {isa = PBXBuildFile; fileRef = 76A150D5171873E500751C92 /* DKPlayer.m */; };
		76A150D9171873E500751C92 /* DKShot.m in Sources */ = {isa = PBXBuildFile; fileRef = 76A150D8171873E500751C92 /* DKShot.m */; };
		76A150E6171889DE00751C92 /* DKCollection.m in Sources */ = {isa = PBXBuildFile; fileRef = 76A150E5171889DE00751C92 /* DKCollection.m */; };
		76A150E917188A1D00751C92 /* DKShots.m in Sources */ = {isa = PBXBuildFile; fileRef = 76A150E817188A1C00751C92 /* DKShots.m */; };
		76A150EC17188A6100751C92 /* DKPlayers.m in Sources */ = {isa = PBXBuildFile; fileRef = 76A150EB17188A6000751C92 /* DKPlayers.m */; };
		76A150EF17188AA000751C92 /* DKComments.m in Sources */ = {isa = PBXBuildFile; fileRef = 76A150EE17188A9F00751C92 /* DKComments.m */; };
/* End PBXBuildFile section */

/* Begin PBXContainerItemProxy section */
		76109D661711BE51005176A7 /* PBXContainerItemProxy */ = {
			isa = PBXContainerItemProxy;
			containerPortal = 76109D5F1711BE51005176A7 /* RestKit.xcodeproj */;
			proxyType = 2;
			remoteGlobalIDString = 25160D1614564E810060A5C5;
			remoteInfo = RestKit;
		};
		76109D681711BE51005176A7 /* PBXContainerItemProxy */ = {
			isa = PBXContainerItemProxy;
			containerPortal = 76109D5F1711BE51005176A7 /* RestKit.xcodeproj */;
			proxyType = 2;
			remoteGlobalIDString = 25160D2614564E820060A5C5;
			remoteInfo = RestKitTests;
		};
		76109D6A1711BE51005176A7 /* PBXContainerItemProxy */ = {
			isa = PBXContainerItemProxy;
			containerPortal = 76109D5F1711BE51005176A7 /* RestKit.xcodeproj */;
			proxyType = 2;
			remoteGlobalIDString = 25160E62145651060060A5C5;
			remoteInfo = RestKitFramework;
		};
		76109D6C1711BE51005176A7 /* PBXContainerItemProxy */ = {
			isa = PBXContainerItemProxy;
			containerPortal = 76109D5F1711BE51005176A7 /* RestKit.xcodeproj */;
			proxyType = 2;
			remoteGlobalIDString = 25160E78145651060060A5C5;
			remoteInfo = RestKitFrameworkTests;
		};
		76109D7C1711C00A005176A7 /* PBXContainerItemProxy */ = {
			isa = PBXContainerItemProxy;
			containerPortal = 76109D5F1711BE51005176A7 /* RestKit.xcodeproj */;
			proxyType = 1;
			remoteGlobalIDString = 25160D1514564E810060A5C5;
			remoteInfo = RestKit;
		};
/* End PBXContainerItemProxy section */

/* Begin PBXFileReference section */
		76109D081711B832005176A7 /* DribbbleKitDemo.app */ = {isa = PBXFileReference; explicitFileType = wrapper.application; includeInIndex = 0; path = DribbbleKitDemo.app; sourceTree = BUILT_PRODUCTS_DIR; };
		76109D0B1711B832005176A7 /* UIKit.framework */ = {isa = PBXFileReference; lastKnownFileType = wrapper.framework; name = UIKit.framework; path = System/Library/Frameworks/UIKit.framework; sourceTree = SDKROOT; };
		76109D0D1711B832005176A7 /* Foundation.framework */ = {isa = PBXFileReference; lastKnownFileType = wrapper.framework; name = Foundation.framework; path = System/Library/Frameworks/Foundation.framework; sourceTree = SDKROOT; };
		76109D0F1711B832005176A7 /* CoreGraphics.framework */ = {isa = PBXFileReference; lastKnownFileType = wrapper.framework; name = CoreGraphics.framework; path = System/Library/Frameworks/CoreGraphics.framework; sourceTree = SDKROOT; };
		76109D131711B832005176A7 /* DribbbleKitDemo-Info.plist */ = {isa = PBXFileReference; lastKnownFileType = text.plist.xml; path = "DribbbleKitDemo-Info.plist"; sourceTree = "<group>"; };
		76109D151711B832005176A7 /* en */ = {isa = PBXFileReference; lastKnownFileType = text.plist.strings; name = en; path = en.lproj/InfoPlist.strings; sourceTree = "<group>"; };
		76109D171711B832005176A7 /* main.m */ = {isa = PBXFileReference; lastKnownFileType = sourcecode.c.objc; path = main.m; sourceTree = "<group>"; };
		76109D191711B832005176A7 /* DribbbleKitDemo-Prefix.pch */ = {isa = PBXFileReference; lastKnownFileType = sourcecode.c.h; path = "DribbbleKitDemo-Prefix.pch"; sourceTree = "<group>"; };
		76109D1A1711B832005176A7 /* DKAppDelegate.h */ = {isa = PBXFileReference; lastKnownFileType = sourcecode.c.h; path = DKAppDelegate.h; sourceTree = "<group>"; };
		76109D1B1711B832005176A7 /* DKAppDelegate.m */ = {isa = PBXFileReference; lastKnownFileType = sourcecode.c.objc; path = DKAppDelegate.m; sourceTree = "<group>"; };
		76109D1D1711B832005176A7 /* Default.png */ = {isa = PBXFileReference; lastKnownFileType = image.png; path = Default.png; sourceTree = "<group>"; };
		76109D1F1711B832005176A7 /* Default@2x.png */ = {isa = PBXFileReference; lastKnownFileType = image.png; path = "Default@2x.png"; sourceTree = "<group>"; };
		76109D211711B832005176A7 /* Default-568h@2x.png */ = {isa = PBXFileReference; lastKnownFileType = image.png; path = "Default-568h@2x.png"; sourceTree = "<group>"; };
		76109D241711B832005176A7 /* en */ = {isa = PBXFileReference; lastKnownFileType = file.storyboard; name = en; path = en.lproj/MainStoryboard_iPhone.storyboard; sourceTree = "<group>"; };
		76109D271711B833005176A7 /* en */ = {isa = PBXFileReference; lastKnownFileType = file.storyboard; name = en; path = en.lproj/MainStoryboard_iPad.storyboard; sourceTree = "<group>"; };
		76109D291711B833005176A7 /* DKViewController.h */ = {isa = PBXFileReference; lastKnownFileType = sourcecode.c.h; path = DKViewController.h; sourceTree = "<group>"; };
		76109D2A1711B833005176A7 /* DKViewController.m */ = {isa = PBXFileReference; lastKnownFileType = sourcecode.c.objc; path = DKViewController.m; sourceTree = "<group>"; };
		76109D331711B854005176A7 /* DKAPIEngine.h */ = {isa = PBXFileReference; fileEncoding = 4; lastKnownFileType = sourcecode.c.h; path = DKAPIEngine.h; sourceTree = "<group>"; };
		76109D341711B854005176A7 /* DKAPIEngine.m */ = {isa = PBXFileReference; fileEncoding = 4; lastKnownFileType = sourcecode.c.objc; path = DKAPIEngine.m; sourceTree = "<group>"; };
		76109D351711B854005176A7 /* DribbbleKit.h */ = {isa = PBXFileReference; fileEncoding = 4; lastKnownFileType = sourcecode.c.h; path = DribbbleKit.h; sourceTree = "<group>"; };
		76109D3B1711B854005176A7 /* DKModel.h */ = {isa = PBXFileReference; fileEncoding = 4; lastKnownFileType = sourcecode.c.h; path = DKModel.h; sourceTree = "<group>"; };
		76109D451711B854005176A7 /* DribbbleKitModel.xcdatamodel */ = {isa = PBXFileReference; lastKnownFileType = wrapper.xcdatamodel; path = DribbbleKitModel.xcdatamodel; sourceTree = "<group>"; };
		76109D5F1711BE51005176A7 /* RestKit.xcodeproj */ = {isa = PBXFileReference; lastKnownFileType = "wrapper.pb-project"; name = RestKit.xcodeproj; path = Vendor/RestKit/RestKit.xcodeproj; sourceTree = "<group>"; };
		76109D6E1711BF87005176A7 /* CFNetwork.framework */ = {isa = PBXFileReference; lastKnownFileType = wrapper.framework; name = CFNetwork.framework; path = System/Library/Frameworks/CFNetwork.framework; sourceTree = SDKROOT; };
		76109D701711BF8F005176A7 /* CoreData.framework */ = {isa = PBXFileReference; lastKnownFileType = wrapper.framework; name = CoreData.framework; path = System/Library/Frameworks/CoreData.framework; sourceTree = SDKROOT; };
		76109D721711BF96005176A7 /* libxml2.dylib */ = {isa = PBXFileReference; lastKnownFileType = "compiled.mach-o.dylib"; name = libxml2.dylib; path = usr/lib/libxml2.dylib; sourceTree = SDKROOT; };
		76109D741711BF9E005176A7 /* MobileCoreServices.framework */ = {isa = PBXFileReference; lastKnownFileType = wrapper.framework; name = MobileCoreServices.framework; path = System/Library/Frameworks/MobileCoreServices.framework; sourceTree = SDKROOT; };
		76109D761711BFA5005176A7 /* QuartzCore.framework */ = {isa = PBXFileReference; lastKnownFileType = wrapper.framework; name = QuartzCore.framework; path = System/Library/Frameworks/QuartzCore.framework; sourceTree = SDKROOT; };
		76109D781711BFAB005176A7 /* Security.framework */ = {isa = PBXFileReference; lastKnownFileType = wrapper.framework; name = Security.framework; path = System/Library/Frameworks/Security.framework; sourceTree = SDKROOT; };
		76109D7A1711BFB4005176A7 /* SystemConfiguration.framework */ = {isa = PBXFileReference; lastKnownFileType = wrapper.framework; name = SystemConfiguration.framework; path = System/Library/Frameworks/SystemConfiguration.framework; sourceTree = SDKROOT; };
		76109D851711EE2C005176A7 /* DKPlayer+ObjectMapping.h */ = {isa = PBXFileReference; fileEncoding = 4; lastKnownFileType = sourcecode.c.h; path = "DKPlayer+ObjectMapping.h"; sourceTree = "<group>"; };
		76109D861711EE2C005176A7 /* DKPlayer+ObjectMapping.m */ = {isa = PBXFileReference; fileEncoding = 4; lastKnownFileType = sourcecode.c.objc; path = "DKPlayer+ObjectMapping.m"; sourceTree = "<group>"; };
		76109D881711EE7C005176A7 /* DKObjectMappingProtocol.h */ = {isa = PBXFileReference; lastKnownFileType = sourcecode.c.h; path = DKObjectMappingProtocol.h; sourceTree = "<group>"; };
		76109D8A1711EF32005176A7 /* DKComment+ObjectMapping.h */ = {isa = PBXFileReference; fileEncoding = 4; lastKnownFileType = sourcecode.c.h; path = "DKComment+ObjectMapping.h"; sourceTree = "<group>"; };
		76109D8B1711EF33005176A7 /* DKComment+ObjectMapping.m */ = {isa = PBXFileReference; fileEncoding = 4; lastKnownFileType = sourcecode.c.objc; path = "DKComment+ObjectMapping.m"; sourceTree = "<group>"; };
		76109D961711F243005176A7 /* DKShot+ObjectMapping.h */ = {isa = PBXFileReference; fileEncoding = 4; lastKnownFileType = sourcecode.c.h; path = "DKShot+ObjectMapping.h"; sourceTree = "<group>"; };
		76109D971711F245005176A7 /* DKShot+ObjectMapping.m */ = {isa = PBXFileReference; fileEncoding = 4; lastKnownFileType = sourcecode.c.objc; path = "DKShot+ObjectMapping.m"; sourceTree = "<group>"; };
		76A150D1171873E400751C92 /* DKComment.h */ = {isa = PBXFileReference; fileEncoding = 4; lastKnownFileType = sourcecode.c.h; path = DKComment.h; sourceTree = "<group>"; };
		76A150D2171873E400751C92 /* DKComment.m */ = {isa = PBXFileReference; fileEncoding = 4; lastKnownFileType = sourcecode.c.objc; path = DKComment.m; sourceTree = "<group>"; };
		76A150D4171873E500751C92 /* DKPlayer.h */ = {isa = PBXFileReference; fileEncoding = 4; lastKnownFileType = sourcecode.c.h; path = DKPlayer.h; sourceTree = "<group>"; };
		76A150D5171873E500751C92 /* DKPlayer.m */ = {isa = PBXFileReference; fileEncoding = 4; lastKnownFileType = sourcecode.c.objc; path = DKPlayer.m; sourceTree = "<group>"; };
		76A150D7171873E500751C92 /* DKShot.h */ = {isa = PBXFileReference; fileEncoding = 4; lastKnownFileType = sourcecode.c.h; path = DKShot.h; sourceTree = "<group>"; };
		76A150D8171873E500751C92 /* DKShot.m */ = {isa = PBXFileReference; fileEncoding = 4; lastKnownFileType = sourcecode.c.objc; path = DKShot.m; sourceTree = "<group>"; };
		76A150E4171889DE00751C92 /* DKCollection.h */ = {isa = PBXFileReference; fileEncoding = 4; lastKnownFileType = sourcecode.c.h; path = DKCollection.h; sourceTree = "<group>"; };
		76A150E5171889DE00751C92 /* DKCollection.m */ = {isa = PBXFileReference; fileEncoding = 4; lastKnownFileType = sourcecode.c.objc; path = DKCollection.m; sourceTree = "<group>"; };
		76A150E717188A1C00751C92 /* DKShots.h */ = {isa = PBXFileReference; fileEncoding = 4; lastKnownFileType = sourcecode.c.h; path = DKShots.h; sourceTree = "<group>"; };
		76A150E817188A1C00751C92 /* DKShots.m */ = {isa = PBXFileReference; fileEncoding = 4; lastKnownFileType = sourcecode.c.objc; path = DKShots.m; sourceTree = "<group>"; };
		76A150EA17188A6000751C92 /* DKPlayers.h */ = {isa = PBXFileReference; fileEncoding = 4; lastKnownFileType = sourcecode.c.h; path = DKPlayers.h; sourceTree = "<group>"; };
		76A150EB17188A6000751C92 /* DKPlayers.m */ = {isa = PBXFileReference; fileEncoding = 4; lastKnownFileType = sourcecode.c.objc; path = DKPlayers.m; sourceTree = "<group>"; };
		76A150ED17188A9E00751C92 /* DKComments.h */ = {isa = PBXFileReference; fileEncoding = 4; lastKnownFileType = sourcecode.c.h; path = DKComments.h; sourceTree = "<group>"; };
		76A150EE17188A9F00751C92 /* DKComments.m */ = {isa = PBXFileReference; fileEncoding = 4; lastKnownFileType = sourcecode.c.objc; path = DKComments.m; sourceTree = "<group>"; };
/* End PBXFileReference section */

/* Begin PBXFrameworksBuildPhase section */
		76109D051711B832005176A7 /* Frameworks */ = {
			isa = PBXFrameworksBuildPhase;
			buildActionMask = 2147483647;
			files = (
				76109D7E1711C31C005176A7 /* libRestKit.a in Frameworks */,
				76109D7B1711BFB4005176A7 /* SystemConfiguration.framework in Frameworks */,
				76109D791711BFAB005176A7 /* Security.framework in Frameworks */,
				76109D771711BFA5005176A7 /* QuartzCore.framework in Frameworks */,
				76109D751711BF9E005176A7 /* MobileCoreServices.framework in Frameworks */,
				76109D731711BF96005176A7 /* libxml2.dylib in Frameworks */,
				76109D711711BF8F005176A7 /* CoreData.framework in Frameworks */,
				76109D6F1711BF88005176A7 /* CFNetwork.framework in Frameworks */,
				76109D0C1711B832005176A7 /* UIKit.framework in Frameworks */,
				76109D0E1711B832005176A7 /* Foundation.framework in Frameworks */,
				76109D101711B832005176A7 /* CoreGraphics.framework in Frameworks */,
			);
			runOnlyForDeploymentPostprocessing = 0;
		};
/* End PBXFrameworksBuildPhase section */

/* Begin PBXGroup section */
		76109CFF1711B832005176A7 = {
			isa = PBXGroup;
			children = (
				76109D311711B854005176A7 /* DribbbleKit */,
				76109D111711B832005176A7 /* DribbbleKitDemo */,
				76109D0A1711B832005176A7 /* Frameworks */,
				76109D091711B832005176A7 /* Products */,
			);
			sourceTree = "<group>";
		};
		76109D091711B832005176A7 /* Products */ = {
			isa = PBXGroup;
			children = (
				76109D081711B832005176A7 /* DribbbleKitDemo.app */,
			);
			name = Products;
			sourceTree = "<group>";
		};
		76109D0A1711B832005176A7 /* Frameworks */ = {
			isa = PBXGroup;
			children = (
				76109D7A1711BFB4005176A7 /* SystemConfiguration.framework */,
				76109D781711BFAB005176A7 /* Security.framework */,
				76109D761711BFA5005176A7 /* QuartzCore.framework */,
				76109D741711BF9E005176A7 /* MobileCoreServices.framework */,
				76109D721711BF96005176A7 /* libxml2.dylib */,
				76109D701711BF8F005176A7 /* CoreData.framework */,
				76109D6E1711BF87005176A7 /* CFNetwork.framework */,
				76109D0B1711B832005176A7 /* UIKit.framework */,
				76109D0D1711B832005176A7 /* Foundation.framework */,
				76109D0F1711B832005176A7 /* CoreGraphics.framework */,
			);
			name = Frameworks;
			sourceTree = "<group>";
		};
		76109D111711B832005176A7 /* DribbbleKitDemo */ = {
			isa = PBXGroup;
			children = (
				76109D1A1711B832005176A7 /* DKAppDelegate.h */,
				76109D1B1711B832005176A7 /* DKAppDelegate.m */,
				76109D231711B832005176A7 /* MainStoryboard_iPhone.storyboard */,
				76109D261711B833005176A7 /* MainStoryboard_iPad.storyboard */,
				76109D291711B833005176A7 /* DKViewController.h */,
				76109D2A1711B833005176A7 /* DKViewController.m */,
				76109D121711B832005176A7 /* Supporting Files */,
			);
			path = DribbbleKitDemo;
			sourceTree = "<group>";
		};
		76109D121711B832005176A7 /* Supporting Files */ = {
			isa = PBXGroup;
			children = (
				76109D131711B832005176A7 /* DribbbleKitDemo-Info.plist */,
				76109D141711B832005176A7 /* InfoPlist.strings */,
				76109D171711B832005176A7 /* main.m */,
				76109D191711B832005176A7 /* DribbbleKitDemo-Prefix.pch */,
				76109D1D1711B832005176A7 /* Default.png */,
				76109D1F1711B832005176A7 /* Default@2x.png */,
				76109D211711B832005176A7 /* Default-568h@2x.png */,
			);
			name = "Supporting Files";
			sourceTree = "<group>";
		};
		76109D311711B854005176A7 /* DribbbleKit */ = {
			isa = PBXGroup;
			children = (
				76109D351711B854005176A7 /* DribbbleKit.h */,
				76109D321711B854005176A7 /* API */,
				76109D361711B854005176A7 /* Model */,
				76109D4E1711B897005176A7 /* Vendor */,
			);
			name = DribbbleKit;
			path = ../DribbbleKit;
			sourceTree = "<group>";
		};
		76109D321711B854005176A7 /* API */ = {
			isa = PBXGroup;
			children = (
				76109D331711B854005176A7 /* DKAPIEngine.h */,
				76109D341711B854005176A7 /* DKAPIEngine.m */,
			);
			path = API;
			sourceTree = "<group>";
		};
		76109D361711B854005176A7 /* Model */ = {
			isa = PBXGroup;
			children = (
				76109D3B1711B854005176A7 /* DKModel.h */,
				76A150DA1718885700751C92 /* Object Model */,
				76109D821711ED7D005176A7 /* Core Data Model */,
				76109D831711EDA5005176A7 /* Category */,
			);
			path = Model;
			sourceTree = "<group>";
		};
		76109D4E1711B897005176A7 /* Vendor */ = {
			isa = PBXGroup;
			children = (
				76109D5F1711BE51005176A7 /* RestKit.xcodeproj */,
			);
			name = Vendor;
			sourceTree = "<group>";
		};
		76109D601711BE51005176A7 /* Products */ = {
			isa = PBXGroup;
			children = (
				76109D671711BE51005176A7 /* libRestKit.a */,
				76109D691711BE51005176A7 /* RestKitTests.octest */,
				76109D6B1711BE51005176A7 /* RestKit.framework */,
				76109D6D1711BE51005176A7 /* RestKitFrameworkTests.octest */,
			);
			name = Products;
			sourceTree = "<group>";
		};
		76109D821711ED7D005176A7 /* Core Data Model */ = {
			isa = PBXGroup;
			children = (
				76109D441711B854005176A7 /* DribbbleKitModel.xcdatamodeld */,
				76A150D7171873E500751C92 /* DKShot.h */,
				76A150D8171873E500751C92 /* DKShot.m */,
				76A150D4171873E500751C92 /* DKPlayer.h */,
				76A150D5171873E500751C92 /* DKPlayer.m */,
				76A150D1171873E400751C92 /* DKComment.h */,
				76A150D2171873E400751C92 /* DKComment.m */,
			);
			name = "Core Data Model";
			sourceTree = "<group>";
		};
		76109D831711EDA5005176A7 /* Category */ = {
			isa = PBXGroup;
			children = (
				76109D891711EEA6005176A7 /* Object Mapping (TODO) */,
			);
			name = Category;
			sourceTree = "<group>";
		};
		76109D891711EEA6005176A7 /* Object Mapping (TODO) */ = {
			isa = PBXGroup;
			children = (
				76109D881711EE7C005176A7 /* DKObjectMappingProtocol.h */,
				76109D8A1711EF32005176A7 /* DKComment+ObjectMapping.h */,
				76109D8B1711EF33005176A7 /* DKComment+ObjectMapping.m */,
				76109D851711EE2C005176A7 /* DKPlayer+ObjectMapping.h */,
				76109D861711EE2C005176A7 /* DKPlayer+ObjectMapping.m */,
				76109D961711F243005176A7 /* DKShot+ObjectMapping.h */,
				76109D971711F245005176A7 /* DKShot+ObjectMapping.m */,
			);
			name = "Object Mapping (TODO)";
			sourceTree = "<group>";
		};
		76A150DA1718885700751C92 /* Object Model */ = {
			isa = PBXGroup;
			children = (
				76A150E4171889DE00751C92 /* DKCollection.h */,
				76A150E5171889DE00751C92 /* DKCollection.m */,
				76A150E717188A1C00751C92 /* DKShots.h */,
				76A150E817188A1C00751C92 /* DKShots.m */,
				76A150EA17188A6000751C92 /* DKPlayers.h */,
				76A150EB17188A6000751C92 /* DKPlayers.m */,
				76A150ED17188A9E00751C92 /* DKComments.h */,
				76A150EE17188A9F00751C92 /* DKComments.m */,
			);
			name = "Object Model";
			sourceTree = "<group>";
		};
/* End PBXGroup section */

/* Begin PBXNativeTarget section */
		76109D071711B832005176A7 /* DribbbleKitDemo */ = {
			isa = PBXNativeTarget;
			buildConfigurationList = 76109D2E1711B833005176A7 /* Build configuration list for PBXNativeTarget "DribbbleKitDemo" */;
			buildPhases = (
				76109D041711B832005176A7 /* Sources */,
				76109D051711B832005176A7 /* Frameworks */,
				76109D061711B832005176A7 /* Resources */,
			);
			buildRules = (
			);
			dependencies = (
				76109D7D1711C00A005176A7 /* PBXTargetDependency */,
			);
			name = DribbbleKitDemo;
			productName = DribbbleKitDemo;
			productReference = 76109D081711B832005176A7 /* DribbbleKitDemo.app */;
			productType = "com.apple.product-type.application";
		};
/* End PBXNativeTarget section */

/* Begin PBXProject section */
		76109D001711B832005176A7 /* Project object */ = {
			isa = PBXProject;
			attributes = {
				CLASSPREFIX = DK;
				LastUpgradeCheck = 0460;
				ORGANIZATIONNAME = All4Love;
			};
			buildConfigurationList = 76109D031711B832005176A7 /* Build configuration list for PBXProject "DribbbleKitDemo" */;
			compatibilityVersion = "Xcode 3.2";
			developmentRegion = English;
			hasScannedForEncodings = 0;
			knownRegions = (
				en,
			);
			mainGroup = 76109CFF1711B832005176A7;
			productRefGroup = 76109D091711B832005176A7 /* Products */;
			projectDirPath = "";
			projectReferences = (
				{
					ProductGroup = 76109D601711BE51005176A7 /* Products */;
					ProjectRef = 76109D5F1711BE51005176A7 /* RestKit.xcodeproj */;
				},
			);
			projectRoot = "";
			targets = (
				76109D071711B832005176A7 /* DribbbleKitDemo */,
			);
		};
/* End PBXProject section */

/* Begin PBXReferenceProxy section */
		76109D671711BE51005176A7 /* libRestKit.a */ = {
			isa = PBXReferenceProxy;
			fileType = archive.ar;
			path = libRestKit.a;
			remoteRef = 76109D661711BE51005176A7 /* PBXContainerItemProxy */;
			sourceTree = BUILT_PRODUCTS_DIR;
		};
		76109D691711BE51005176A7 /* RestKitTests.octest */ = {
			isa = PBXReferenceProxy;
			fileType = wrapper.cfbundle;
			path = RestKitTests.octest;
			remoteRef = 76109D681711BE51005176A7 /* PBXContainerItemProxy */;
			sourceTree = BUILT_PRODUCTS_DIR;
		};
		76109D6B1711BE51005176A7 /* RestKit.framework */ = {
			isa = PBXReferenceProxy;
			fileType = wrapper.framework;
			path = RestKit.framework;
			remoteRef = 76109D6A1711BE51005176A7 /* PBXContainerItemProxy */;
			sourceTree = BUILT_PRODUCTS_DIR;
		};
		76109D6D1711BE51005176A7 /* RestKitFrameworkTests.octest */ = {
			isa = PBXReferenceProxy;
			fileType = wrapper.cfbundle;
			path = RestKitFrameworkTests.octest;
			remoteRef = 76109D6C1711BE51005176A7 /* PBXContainerItemProxy */;
			sourceTree = BUILT_PRODUCTS_DIR;
		};
/* End PBXReferenceProxy section */

/* Begin PBXResourcesBuildPhase section */
		76109D061711B832005176A7 /* Resources */ = {
			isa = PBXResourcesBuildPhase;
			buildActionMask = 2147483647;
			files = (
				76109D161711B832005176A7 /* InfoPlist.strings in Resources */,
				76109D1E1711B832005176A7 /* Default.png in Resources */,
				76109D201711B832005176A7 /* Default@2x.png in Resources */,
				76109D221711B832005176A7 /* Default-568h@2x.png in Resources */,
				76109D251711B832005176A7 /* MainStoryboard_iPhone.storyboard in Resources */,
				76109D281711B833005176A7 /* MainStoryboard_iPad.storyboard in Resources */,
			);
			runOnlyForDeploymentPostprocessing = 0;
		};
/* End PBXResourcesBuildPhase section */

/* Begin PBXSourcesBuildPhase section */
		76109D041711B832005176A7 /* Sources */ = {
			isa = PBXSourcesBuildPhase;
			buildActionMask = 2147483647;
			files = (
				76109D181711B832005176A7 /* main.m in Sources */,
				76109D1C1711B832005176A7 /* DKAppDelegate.m in Sources */,
				76109D2B1711B833005176A7 /* DKViewController.m in Sources */,
				76109D461711B854005176A7 /* DKAPIEngine.m in Sources */,
				76109D4D1711B854005176A7 /* DribbbleKitModel.xcdatamodeld in Sources */,
				76109D871711EE2C005176A7 /* DKPlayer+ObjectMapping.m in Sources */,
				76109D8C1711EF33005176A7 /* DKComment+ObjectMapping.m in Sources */,
				76109D981711F247005176A7 /* DKShot+ObjectMapping.m in Sources */,
				76A150D3171873E400751C92 /* DKComment.m in Sources */,
				76A150D6171873E500751C92 /* DKPlayer.m in Sources */,
				76A150D9171873E500751C92 /* DKShot.m in Sources */,
				76A150E6171889DE00751C92 /* DKCollection.m in Sources */,
				76A150E917188A1D00751C92 /* DKShots.m in Sources */,
				76A150EC17188A6100751C92 /* DKPlayers.m in Sources */,
				76A150EF17188AA000751C92 /* DKComments.m in Sources */,
			);
			runOnlyForDeploymentPostprocessing = 0;
		};
/* End PBXSourcesBuildPhase section */

/* Begin PBXTargetDependency section */
		76109D7D1711C00A005176A7 /* PBXTargetDependency */ = {
			isa = PBXTargetDependency;
			name = RestKit;
			targetProxy = 76109D7C1711C00A005176A7 /* PBXContainerItemProxy */;
		};
/* End PBXTargetDependency section */

/* Begin PBXVariantGroup section */
		76109D141711B832005176A7 /* InfoPlist.strings */ = {
			isa = PBXVariantGroup;
			children = (
				76109D151711B832005176A7 /* en */,
			);
			name = InfoPlist.strings;
			sourceTree = "<group>";
		};
		76109D231711B832005176A7 /* MainStoryboard_iPhone.storyboard */ = {
			isa = PBXVariantGroup;
			children = (
				76109D241711B832005176A7 /* en */,
			);
			name = MainStoryboard_iPhone.storyboard;
			sourceTree = "<group>";
		};
		76109D261711B833005176A7 /* MainStoryboard_iPad.storyboard */ = {
			isa = PBXVariantGroup;
			children = (
				76109D271711B833005176A7 /* en */,
			);
			name = MainStoryboard_iPad.storyboard;
			sourceTree = "<group>";
		};
/* End PBXVariantGroup section */

/* Begin XCBuildConfiguration section */
		76109D2C1711B833005176A7 /* Debug */ = {
			isa = XCBuildConfiguration;
			buildSettings = {
				ALWAYS_SEARCH_USER_PATHS = NO;
				CLANG_CXX_LANGUAGE_STANDARD = "gnu++0x";
				CLANG_CXX_LIBRARY = "libc++";
				CLANG_WARN_CONSTANT_CONVERSION = YES;
				CLANG_WARN_EMPTY_BODY = YES;
				CLANG_WARN_ENUM_CONVERSION = YES;
				CLANG_WARN_INT_CONVERSION = YES;
				CLANG_WARN__DUPLICATE_METHOD_MATCH = YES;
				"CODE_SIGN_IDENTITY[sdk=iphoneos*]" = "iPhone Developer";
				COPY_PHASE_STRIP = NO;
				GCC_C_LANGUAGE_STANDARD = gnu99;
				GCC_DYNAMIC_NO_PIC = NO;
				GCC_OPTIMIZATION_LEVEL = 0;
				GCC_PREPROCESSOR_DEFINITIONS = (
					"DEBUG=1",
					"$(inherited)",
				);
				GCC_SYMBOLS_PRIVATE_EXTERN = NO;
				GCC_WARN_ABOUT_RETURN_TYPE = YES;
				GCC_WARN_UNINITIALIZED_AUTOS = YES;
				GCC_WARN_UNUSED_VARIABLE = YES;
				IPHONEOS_DEPLOYMENT_TARGET = 5.0;
				ONLY_ACTIVE_ARCH = YES;
				SDKROOT = iphoneos;
				TARGETED_DEVICE_FAMILY = "1,2";
			};
			name = Debug;
		};
		76109D2D1711B833005176A7 /* Release */ = {
			isa = XCBuildConfiguration;
			buildSettings = {
				ALWAYS_SEARCH_USER_PATHS = NO;
				CLANG_CXX_LANGUAGE_STANDARD = "gnu++0x";
				CLANG_CXX_LIBRARY = "libc++";
				CLANG_WARN_CONSTANT_CONVERSION = YES;
				CLANG_WARN_EMPTY_BODY = YES;
				CLANG_WARN_ENUM_CONVERSION = YES;
				CLANG_WARN_INT_CONVERSION = YES;
				CLANG_WARN__DUPLICATE_METHOD_MATCH = YES;
				"CODE_SIGN_IDENTITY[sdk=iphoneos*]" = "iPhone Developer";
				COPY_PHASE_STRIP = YES;
				GCC_C_LANGUAGE_STANDARD = gnu99;
				GCC_WARN_ABOUT_RETURN_TYPE = YES;
				GCC_WARN_UNINITIALIZED_AUTOS = YES;
				GCC_WARN_UNUSED_VARIABLE = YES;
				IPHONEOS_DEPLOYMENT_TARGET = 5.0;
				OTHER_CFLAGS = "-DNS_BLOCK_ASSERTIONS=1";
				SDKROOT = iphoneos;
				TARGETED_DEVICE_FAMILY = "1,2";
				VALIDATE_PRODUCT = YES;
			};
			name = Release;
		};
		76109D2F1711B833005176A7 /* Debug */ = {
			isa = XCBuildConfiguration;
			buildSettings = {
				GCC_PRECOMPILE_PREFIX_HEADER = YES;
				GCC_PREFIX_HEADER = "DribbbleKitDemo/DribbbleKitDemo-Prefix.pch";
				HEADER_SEARCH_PATHS = "$(BUILT_PRODUCTS_DIR)/../../Headers";
				INFOPLIST_FILE = "DribbbleKitDemo/DribbbleKitDemo-Info.plist";
				IPHONEOS_DEPLOYMENT_TARGET = 5.0;
				OTHER_LDFLAGS = (
					"-all_load",
					"-ObjC",
				);
				PRODUCT_NAME = "$(TARGET_NAME)";
				WRAPPER_EXTENSION = app;
			};
			name = Debug;
		};
		76109D301711B833005176A7 /* Release */ = {
			isa = XCBuildConfiguration;
			buildSettings = {
				GCC_PRECOMPILE_PREFIX_HEADER = YES;
				GCC_PREFIX_HEADER = "DribbbleKitDemo/DribbbleKitDemo-Prefix.pch";
				HEADER_SEARCH_PATHS = "$(BUILT_PRODUCTS_DIR)/../../Headers";
				INFOPLIST_FILE = "DribbbleKitDemo/DribbbleKitDemo-Info.plist";
				IPHONEOS_DEPLOYMENT_TARGET = 5.0;
				OTHER_LDFLAGS = (
					"-all_load",
					"-ObjC",
				);
				PRODUCT_NAME = "$(TARGET_NAME)";
				WRAPPER_EXTENSION = app;
			};
			name = Release;
		};
/* End XCBuildConfiguration section */

/* Begin XCConfigurationList section */
		76109D031711B832005176A7 /* Build configuration list for PBXProject "DribbbleKitDemo" */ = {
			isa = XCConfigurationList;
			buildConfigurations = (
				76109D2C1711B833005176A7 /* Debug */,
				76109D2D1711B833005176A7 /* Release */,
			);
			defaultConfigurationIsVisible = 0;
			defaultConfigurationName = Release;
		};
		76109D2E1711B833005176A7 /* Build configuration list for PBXNativeTarget "DribbbleKitDemo" */ = {
			isa = XCConfigurationList;
			buildConfigurations = (
				76109D2F1711B833005176A7 /* Debug */,
				76109D301711B833005176A7 /* Release */,
			);
			defaultConfigurationIsVisible = 0;
			defaultConfigurationName = Release;
		};
/* End XCConfigurationList section */

/* Begin XCVersionGroup section */
		76109D441711B854005176A7 /* DribbbleKitModel.xcdatamodeld */ = {
			isa = XCVersionGroup;
			children = (
				76109D451711B854005176A7 /* DribbbleKitModel.xcdatamodel */,
			);
			currentVersion = 76109D451711B854005176A7 /* DribbbleKitModel.xcdatamodel */;
			path = DribbbleKitModel.xcdatamodeld;
			sourceTree = "<group>";
			versionGroupType = wrapper.xcdatamodel;
		};
/* End XCVersionGroup section */
	};
	rootObject = 76109D001711B832005176A7 /* Project object */;
}
